
Microsoft Visual Studio Solution File, Format Version 12.00
# Visual Studio Version 17
VisualStudioVersion = 17.14.36616.10 d17.14
MinimumVisualStudioVersion = 10.0.40219.1
Project("{8BC9CEB8-8B4A-11D0-8D11-00A0C91BC942}") = "ptrn_state_adt", "ptrn_state_adt.vcxproj", "{0FFF841C-427A-46E4-AEA3-9E6EC9D64714}"
EndProject
Global
	GlobalSection(SolutionConfigurationPlatforms) = preSolution
		Debug|x64 = Debug|x64
		Debug|x86 = Debug|x86
		Release|x64 = Release|x64
		Release|x86 = Release|x86
	EndGlobalSection
	GlobalSection(ProjectConfigurationPlatforms) = postSolution
		{0FFF841C-427A-46E4-AEA3-9E6EC9D64714}.Debug|x64.ActiveCfg = Debug|x64
		{0FFF841C-427A-46E4-AEA3-9E6EC9D64714}.Debug|x64.Build.0 = Debug|x64
		{0FFF841C-427A-46E4-AEA3-9E6EC9D64714}.Debug|x86.ActiveCfg = Debug|Win32
		{0FFF841C-427A-46E4-AEA3-9E6EC9D64714}.Debug|x86.Build.0 = Debug|Win32
		{0FFF841C-427A-46E4-AEA3-9E6EC9D64714}.Release|x64.ActiveCfg = Release|x64
		{0FFF841C-427A-46E4-AEA3-9E6EC9D64714}.Release|x64.Build.0 = Release|x64
		{0FFF841C-427A-46E4-AEA3-9E6EC9D64714}.Release|x86.ActiveCfg = Release|Win32
		{0FFF841C-427A-46E4-AEA3-9E6EC9D64714}.Release|x86.Build.0 = Release|Win32
	EndGlobalSection
	GlobalSection(SolutionProperties) = preSolution
		HideSolutionNode = FALSE
	EndGlobalSection
	GlobalSection(ExtensibilityGlobals) = postSolution
		SolutionGuid = {42127161-C894-4131-AAD7-8864A2637B5A}
	EndGlobalSection
EndGlobal
